// !$*UTF8*$!
{
	archiveVersion = 1;
	classes = {
	};
	objectVersion = 56;
	objects = {

/* Begin PBXBuildFile section */
		7E6C6E6F2C6C027A00D6C0C5 /* hdelibc.cpp in Sources */ = {isa = PBXBuildFile; fileRef = 7E6C6E6D2C6C027A00D6C0C5 /* hdelibc.cpp */; };
		7E6C6E732C6C07D600D6C0C5 /* SimpleSocket.cpp in Sources */ = {isa = PBXBuildFile; fileRef = 7E6C6E712C6C07D600D6C0C5 /* SimpleSocket.cpp */; };
		7E6C6E762C6C88A300D6C0C5 /* BindingSocket.cpp in Sources */ = {isa = PBXBuildFile; fileRef = 7E6C6E742C6C88A300D6C0C5 /* BindingSocket.cpp */; };
		7E6C6E792C6D3B2200D6C0C5 /* ConnectingSocket.cpp in Sources */ = {isa = PBXBuildFile; fileRef = 7E6C6E772C6D3B2200D6C0C5 /* ConnectingSocket.cpp */; };
		7E6C6E7F2C6D451800D6C0C5 /* ListeningSocket.cpp in Sources */ = {isa = PBXBuildFile; fileRef = 7E6C6E7D2C6D451800D6C0C5 /* ListeningSocket.cpp */; };
		7E6C6E832C6D4A1100D6C0C5 /* hdelibc-sockets.cpp in Sources */ = {isa = PBXBuildFile; fileRef = 7E6C6E812C6D4A1100D6C0C5 /* hdelibc-sockets.cpp */; };
		7E6C6E862C6D4AA500D6C0C5 /* hdelibc-networking.cpp in Sources */ = {isa = PBXBuildFile; fileRef = 7E6C6E842C6D4AA500D6C0C5 /* hdelibc-networking.cpp */; };
		7E6C6E8A2C6DB41300D6C0C5 /* SimpleServer.cpp in Sources */ = {isa = PBXBuildFile; fileRef = 7E6C6E882C6DB41300D6C0C5 /* SimpleServer.cpp */; };
		7E6C6E8D2C6DC83700D6C0C5 /* TestServer.cpp in Sources */ = {isa = PBXBuildFile; fileRef = 7E6C6E8B2C6DC83700D6C0C5 /* TestServer.cpp */; };
		7E6C6E912C6E691400D6C0C5 /* test.cpp in Sources */ = {isa = PBXBuildFile; fileRef = 7E6C6E902C6E691400D6C0C5 /* test.cpp */; };
/* End PBXBuildFile section */

/* Begin PBXFileReference section */
		7E6C6E5B2C6C023400D6C0C5 /* hdelibc.app */ = {isa = PBXFileReference; explicitFileType = wrapper.application; includeInIndex = 0; path = hdelibc.app; sourceTree = BUILT_PRODUCTS_DIR; };
		7E6C6E6D2C6C027A00D6C0C5 /* hdelibc.cpp */ = {isa = PBXFileReference; lastKnownFileType = sourcecode.cpp.cpp; path = hdelibc.cpp; sourceTree = "<group>"; };
		7E6C6E6E2C6C027A00D6C0C5 /* hdelibc.hpp */ = {isa = PBXFileReference; lastKnownFileType = sourcecode.cpp.h; path = hdelibc.hpp; sourceTree = "<group>"; };
		7E6C6E712C6C07D600D6C0C5 /* SimpleSocket.cpp */ = {isa = PBXFileReference; lastKnownFileType = sourcecode.cpp.cpp; path = SimpleSocket.cpp; sourceTree = "<group>"; };
		7E6C6E722C6C07D600D6C0C5 /* SimpleSocket.hpp */ = {isa = PBXFileReference; lastKnownFileType = sourcecode.cpp.h; path = SimpleSocket.hpp; sourceTree = "<group>"; };
		7E6C6E742C6C88A300D6C0C5 /* BindingSocket.cpp */ = {isa = PBXFileReference; lastKnownFileType = sourcecode.cpp.cpp; path = BindingSocket.cpp; sourceTree = "<group>"; };
		7E6C6E752C6C88A300D6C0C5 /* BindingSocket.hpp */ = {isa = PBXFileReference; lastKnownFileType = sourcecode.cpp.h; path = BindingSocket.hpp; sourceTree = "<group>"; };
		7E6C6E772C6D3B2200D6C0C5 /* ConnectingSocket.cpp */ = {isa = PBXFileReference; lastKnownFileType = sourcecode.cpp.cpp; path = ConnectingSocket.cpp; sourceTree = "<group>"; };
		7E6C6E782C6D3B2200D6C0C5 /* ConnectingSocket.hpp */ = {isa = PBXFileReference; lastKnownFileType = sourcecode.cpp.h; path = ConnectingSocket.hpp; sourceTree = "<group>"; };
		7E6C6E7D2C6D451800D6C0C5 /* ListeningSocket.cpp */ = {isa = PBXFileReference; lastKnownFileType = sourcecode.cpp.cpp; path = ListeningSocket.cpp; sourceTree = "<group>"; };
		7E6C6E7E2C6D451800D6C0C5 /* ListeningSocket.hpp */ = {isa = PBXFileReference; lastKnownFileType = sourcecode.cpp.h; path = ListeningSocket.hpp; sourceTree = "<group>"; };
		7E6C6E812C6D4A1100D6C0C5 /* hdelibc-sockets.cpp */ = {isa = PBXFileReference; lastKnownFileType = sourcecode.cpp.cpp; path = "hdelibc-sockets.cpp"; sourceTree = "<group>"; };
		7E6C6E822C6D4A1100D6C0C5 /* hdelibc-sockets.hpp */ = {isa = PBXFileReference; lastKnownFileType = sourcecode.cpp.h; path = "hdelibc-sockets.hpp"; sourceTree = "<group>"; };
		7E6C6E842C6D4AA500D6C0C5 /* hdelibc-networking.cpp */ = {isa = PBXFileReference; lastKnownFileType = sourcecode.cpp.cpp; path = "hdelibc-networking.cpp"; sourceTree = "<group>"; };
		7E6C6E852C6D4AA500D6C0C5 /* hdelibc-networking.hpp */ = {isa = PBXFileReference; lastKnownFileType = sourcecode.cpp.h; path = "hdelibc-networking.hpp"; sourceTree = "<group>"; };
		7E6C6E882C6DB41300D6C0C5 /* SimpleServer.cpp */ = {isa = PBXFileReference; lastKnownFileType = sourcecode.cpp.cpp; path = SimpleServer.cpp; sourceTree = "<group>"; };
		7E6C6E892C6DB41300D6C0C5 /* SimpleServer.hpp */ = {isa = PBXFileReference; lastKnownFileType = sourcecode.cpp.h; path = SimpleServer.hpp; sourceTree = "<group>"; };
		7E6C6E8B2C6DC83700D6C0C5 /* TestServer.cpp */ = {isa = PBXFileReference; lastKnownFileType = sourcecode.cpp.cpp; path = TestServer.cpp; sourceTree = "<group>"; };
		7E6C6E8C2C6DC83700D6C0C5 /* TestServer.hpp */ = {isa = PBXFileReference; lastKnownFileType = sourcecode.cpp.h; path = TestServer.hpp; sourceTree = "<group>"; };
		7E6C6E902C6E691400D6C0C5 /* test.cpp */ = {isa = PBXFileReference; lastKnownFileType = sourcecode.cpp.cpp; path = test.cpp; sourceTree = "<group>"; };
/* End PBXFileReference section */

/* Begin PBXFrameworksBuildPhase section */
		7E6C6E582C6C023400D6C0C5 /* Frameworks */ = {
			isa = PBXFrameworksBuildPhase;
			buildActionMask = 2147483647;
			files = (
			);
			runOnlyForDeploymentPostprocessing = 0;
		};
/* End PBXFrameworksBuildPhase section */

/* Begin PBXGroup section */
		7E6C6E522C6C023400D6C0C5 = {
			isa = PBXGroup;
			children = (
				7E6C6E6D2C6C027A00D6C0C5 /* hdelibc.cpp */,
				7E6C6E6E2C6C027A00D6C0C5 /* hdelibc.hpp */,
				7E6C6E702C6C07A600D6C0C5 /* Networking */,
				7E6C6E5C2C6C023400D6C0C5 /* Products */,
			);
			sourceTree = "<group>";
		};
		7E6C6E5C2C6C023400D6C0C5 /* Products */ = {
			isa = PBXGroup;
			children = (
				7E6C6E5B2C6C023400D6C0C5 /* hdelibc.app */,
			);
			name = Products;
			sourceTree = "<group>";
		};
		7E6C6E702C6C07A600D6C0C5 /* Networking */ = {
			isa = PBXGroup;
			children = (
				7E6C6E842C6D4AA500D6C0C5 /* hdelibc-networking.cpp */,
				7E6C6E852C6D4AA500D6C0C5 /* hdelibc-networking.hpp */,
				7E6C6E872C6DB3EF00D6C0C5 /* Servers */,
				7E6C6E802C6D48E500D6C0C5 /* Sockets */,
			);
			path = Networking;
			sourceTree = "<group>";
		};
		7E6C6E802C6D48E500D6C0C5 /* Sockets */ = {
			isa = PBXGroup;
			children = (
				7E6C6E812C6D4A1100D6C0C5 /* hdelibc-sockets.cpp */,
				7E6C6E822C6D4A1100D6C0C5 /* hdelibc-sockets.hpp */,
				7E6C6E712C6C07D600D6C0C5 /* SimpleSocket.cpp */,
				7E6C6E722C6C07D600D6C0C5 /* SimpleSocket.hpp */,
				7E6C6E742C6C88A300D6C0C5 /* BindingSocket.cpp */,
				7E6C6E752C6C88A300D6C0C5 /* BindingSocket.hpp */,
				7E6C6E772C6D3B2200D6C0C5 /* ConnectingSocket.cpp */,
				7E6C6E782C6D3B2200D6C0C5 /* ConnectingSocket.hpp */,
				7E6C6E7D2C6D451800D6C0C5 /* ListeningSocket.cpp */,
				7E6C6E7E2C6D451800D6C0C5 /* ListeningSocket.hpp */,
			);
			path = Sockets;
			sourceTree = "<group>";
		};
		7E6C6E872C6DB3EF00D6C0C5 /* Servers */ = {
			isa = PBXGroup;
			children = (
				7E6C6E882C6DB41300D6C0C5 /* SimpleServer.cpp */,
				7E6C6E892C6DB41300D6C0C5 /* SimpleServer.hpp */,
				7E6C6E8B2C6DC83700D6C0C5 /* TestServer.cpp */,
				7E6C6E8C2C6DC83700D6C0C5 /* TestServer.hpp */,
				7E6C6E902C6E691400D6C0C5 /* test.cpp */,
			);
			path = Servers;
			sourceTree = "<group>";
		};
/* End PBXGroup section */

/* Begin PBXNativeTarget section */
		7E6C6E5A2C6C023400D6C0C5 /* hdelibc */ = {
			isa = PBXNativeTarget;
			buildConfigurationList = 7E6C6E6A2C6C023600D6C0C5 /* Build configuration list for PBXNativeTarget "hdelibc" */;
			buildPhases = (
				7E6C6E572C6C023400D6C0C5 /* Sources */,
				7E6C6E582C6C023400D6C0C5 /* Frameworks */,
				7E6C6E592C6C023400D6C0C5 /* Resources */,
			);
			buildRules = (
			);
			dependencies = (
			);
			name = hdelibc;
			productName = hdelibc;
			productReference = 7E6C6E5B2C6C023400D6C0C5 /* hdelibc.app */;
			productType = "com.apple.product-type.application";
		};
/* End PBXNativeTarget section */

/* Begin PBXProject section */
		7E6C6E532C6C023400D6C0C5 /* Project object */ = {
			isa = PBXProject;
			attributes = {
				BuildIndependentTargetsInParallel = 1;
				LastSwiftUpdateCheck = 1540;
				LastUpgradeCheck = 1540;
				TargetAttributes = {
					7E6C6E5A2C6C023400D6C0C5 = {
						CreatedOnToolsVersion = 15.4;
					};
				};
			};
			buildConfigurationList = 7E6C6E562C6C023400D6C0C5 /* Build configuration list for PBXProject "hdelibc" */;
			compatibilityVersion = "Xcode 14.0";
			developmentRegion = en;
			hasScannedForEncodings = 0;
			knownRegions = (
				en,
				Base,
			);
			mainGroup = 7E6C6E522C6C023400D6C0C5;
			productRefGroup = 7E6C6E5C2C6C023400D6C0C5 /* Products */;
			projectDirPath = "";
			projectRoot = "";
			targets = (
				7E6C6E5A2C6C023400D6C0C5 /* hdelibc */,
			);
		};
/* End PBXProject section */

/* Begin PBXResourcesBuildPhase section */
		7E6C6E592C6C023400D6C0C5 /* Resources */ = {
			isa = PBXResourcesBuildPhase;
			buildActionMask = 2147483647;
			files = (
			);
			runOnlyForDeploymentPostprocessing = 0;
		};
/* End PBXResourcesBuildPhase section */

/* Begin PBXSourcesBuildPhase section */
		7E6C6E572C6C023400D6C0C5 /* Sources */ = {
			isa = PBXSourcesBuildPhase;
			buildActionMask = 2147483647;
			files = (
				7E6C6E732C6C07D600D6C0C5 /* SimpleSocket.cpp in Sources */,
				7E6C6E762C6C88A300D6C0C5 /* BindingSocket.cpp in Sources */,
				7E6C6E8A2C6DB41300D6C0C5 /* SimpleServer.cpp in Sources */,
				7E6C6E912C6E691400D6C0C5 /* test.cpp in Sources */,
				7E6C6E792C6D3B2200D6C0C5 /* ConnectingSocket.cpp in Sources */,
				7E6C6E8D2C6DC83700D6C0C5 /* TestServer.cpp in Sources */,
				7E6C6E7F2C6D451800D6C0C5 /* ListeningSocket.cpp in Sources */,
				7E6C6E862C6D4AA500D6C0C5 /* hdelibc-networking.cpp in Sources */,
				7E6C6E832C6D4A1100D6C0C5 /* hdelibc-sockets.cpp in Sources */,
				7E6C6E6F2C6C027A00D6C0C5 /* hdelibc.cpp in Sources */,
			);
			runOnlyForDeploymentPostprocessing = 0;
		};
/* End PBXSourcesBuildPhase section */

/* Begin XCBuildConfiguration section */
		7E6C6E682C6C023600D6C0C5 /* Debug */ = {
			isa = XCBuildConfiguration;
			buildSettings = {
				ALWAYS_SEARCH_USER_PATHS = NO;
				ASSETCATALOG_COMPILER_GENERATE_SWIFT_ASSET_SYMBOL_EXTENSIONS = YES;
				CLANG_ANALYZER_NONNULL = YES;
				CLANG_ANALYZER_NUMBER_OBJECT_CONVERSION = YES_AGGRESSIVE;
				CLANG_CXX_LANGUAGE_STANDARD = "gnu++20";
				CLANG_ENABLE_MODULES = YES;
				CLANG_ENABLE_OBJC_ARC = YES;
				CLANG_ENABLE_OBJC_WEAK = YES;
				CLANG_WARN_BLOCK_CAPTURE_AUTORELEASING = YES;
				CLANG_WARN_BOOL_CONVERSION = YES;
				CLANG_WARN_COMMA = YES;
				CLANG_WARN_CONSTANT_CONVERSION = YES;
				CLANG_WARN_DEPRECATED_OBJC_IMPLEMENTATIONS = YES;
				CLANG_WARN_DIRECT_OBJC_ISA_USAGE = YES_ERROR;
				CLANG_WARN_DOCUMENTATION_COMMENTS = YES;
				CLANG_WARN_EMPTY_BODY = YES;
				CLANG_WARN_ENUM_CONVERSION = YES;
				CLANG_WARN_INFINITE_RECURSION = YES;
				CLANG_WARN_INT_CONVERSION = YES;
				CLANG_WARN_NON_LITERAL_NULL_CONVERSION = YES;
				CLANG_WARN_OBJC_IMPLICIT_RETAIN_SELF = YES;
				CLANG_WARN_OBJC_LITERAL_CONVERSION = YES;
				CLANG_WARN_OBJC_ROOT_CLASS = YES_ERROR;
				CLANG_WARN_QUOTED_INCLUDE_IN_FRAMEWORK_HEADER = YES;
				CLANG_WARN_RANGE_LOOP_ANALYSIS = YES;
				CLANG_WARN_STRICT_PROTOTYPES = YES;
				CLANG_WARN_SUSPICIOUS_MOVE = YES;
				CLANG_WARN_UNGUARDED_AVAILABILITY = YES_AGGRESSIVE;
				CLANG_WARN_UNREACHABLE_CODE = YES;
				CLANG_WARN__DUPLICATE_METHOD_MATCH = YES;
				COPY_PHASE_STRIP = NO;
				DEBUG_INFORMATION_FORMAT = dwarf;
				ENABLE_STRICT_OBJC_MSGSEND = YES;
				ENABLE_TESTABILITY = YES;
				ENABLE_USER_SCRIPT_SANDBOXING = YES;
				GCC_C_LANGUAGE_STANDARD = gnu17;
				GCC_DYNAMIC_NO_PIC = NO;
				GCC_NO_COMMON_BLOCKS = YES;
				GCC_OPTIMIZATION_LEVEL = 0;
				GCC_PREPROCESSOR_DEFINITIONS = (
					"DEBUG=1",
					"$(inherited)",
				);
				GCC_WARN_64_TO_32_BIT_CONVERSION = YES;
				GCC_WARN_ABOUT_RETURN_TYPE = YES_ERROR;
				GCC_WARN_UNDECLARED_SELECTOR = YES;
				GCC_WARN_UNINITIALIZED_AUTOS = YES_AGGRESSIVE;
				GCC_WARN_UNUSED_FUNCTION = YES;
				GCC_WARN_UNUSED_VARIABLE = YES;
				LOCALIZATION_PREFERS_STRING_CATALOGS = YES;
				MACOSX_DEPLOYMENT_TARGET = 14.5;
				MTL_ENABLE_DEBUG_INFO = INCLUDE_SOURCE;
				MTL_FAST_MATH = YES;
				ONLY_ACTIVE_ARCH = YES;
				SDKROOT = macosx;
				SWIFT_ACTIVE_COMPILATION_CONDITIONS = "DEBUG $(inherited)";
				SWIFT_OPTIMIZATION_LEVEL = "-Onone";
			};
			name = Debug;
		};
		7E6C6E692C6C023600D6C0C5 /* Release */ = {
			isa = XCBuildConfiguration;
			buildSettings = {
				ALWAYS_SEARCH_USER_PATHS = NO;
				ASSETCATALOG_COMPILER_GENERATE_SWIFT_ASSET_SYMBOL_EXTENSIONS = YES;
				CLANG_ANALYZER_NONNULL = YES;
				CLANG_ANALYZER_NUMBER_OBJECT_CONVERSION = YES_AGGRESSIVE;
				CLANG_CXX_LANGUAGE_STANDARD = "gnu++20";
				CLANG_ENABLE_MODULES = YES;
				CLANG_ENABLE_OBJC_ARC = YES;
				CLANG_ENABLE_OBJC_WEAK = YES;
				CLANG_WARN_BLOCK_CAPTURE_AUTORELEASING = YES;
				CLANG_WARN_BOOL_CONVERSION = YES;
				CLANG_WARN_COMMA = YES;
				CLANG_WARN_CONSTANT_CONVERSION = YES;
				CLANG_WARN_DEPRECATED_OBJC_IMPLEMENTATIONS = YES;
				CLANG_WARN_DIRECT_OBJC_ISA_USAGE = YES_ERROR;
				CLANG_WARN_DOCUMENTATION_COMMENTS = YES;
				CLANG_WARN_EMPTY_BODY = YES;
				CLANG_WARN_ENUM_CONVERSION = YES;
				CLANG_WARN_INFINITE_RECURSION = YES;
				CLANG_WARN_INT_CONVERSION = YES;
				CLANG_WARN_NON_LITERAL_NULL_CONVERSION = YES;
				CLANG_WARN_OBJC_IMPLICIT_RETAIN_SELF = YES;
				CLANG_WARN_OBJC_LITERAL_CONVERSION = YES;
				CLANG_WARN_OBJC_ROOT_CLASS = YES_ERROR;
				CLANG_WARN_QUOTED_INCLUDE_IN_FRAMEWORK_HEADER = YES;
				CLANG_WARN_RANGE_LOOP_ANALYSIS = YES;
				CLANG_WARN_STRICT_PROTOTYPES = YES;
				CLANG_WARN_SUSPICIOUS_MOVE = YES;
				CLANG_WARN_UNGUARDED_AVAILABILITY = YES_AGGRESSIVE;
				CLANG_WARN_UNREACHABLE_CODE = YES;
				CLANG_WARN__DUPLICATE_METHOD_MATCH = YES;
				COPY_PHASE_STRIP = NO;
				DEBUG_INFORMATION_FORMAT = "dwarf-with-dsym";
				ENABLE_NS_ASSERTIONS = NO;
				ENABLE_STRICT_OBJC_MSGSEND = YES;
				ENABLE_USER_SCRIPT_SANDBOXING = YES;
				GCC_C_LANGUAGE_STANDARD = gnu17;
				GCC_NO_COMMON_BLOCKS = YES;
				GCC_WARN_64_TO_32_BIT_CONVERSION = YES;
				GCC_WARN_ABOUT_RETURN_TYPE = YES_ERROR;
				GCC_WARN_UNDECLARED_SELECTOR = YES;
				GCC_WARN_UNINITIALIZED_AUTOS = YES_AGGRESSIVE;
				GCC_WARN_UNUSED_FUNCTION = YES;
				GCC_WARN_UNUSED_VARIABLE = YES;
				LOCALIZATION_PREFERS_STRING_CATALOGS = YES;
				MACOSX_DEPLOYMENT_TARGET = 14.5;
				MTL_ENABLE_DEBUG_INFO = NO;
				MTL_FAST_MATH = YES;
				SDKROOT = macosx;
				SWIFT_COMPILATION_MODE = wholemodule;
			};
			name = Release;
		};
		7E6C6E6B2C6C023600D6C0C5 /* Debug */ = {
			isa = XCBuildConfiguration;
			buildSettings = {
				ASSETCATALOG_COMPILER_APPICON_NAME = AppIcon;
				ASSETCATALOG_COMPILER_GLOBAL_ACCENT_COLOR_NAME = AccentColor;
				CODE_SIGN_ENTITLEMENTS = hdelibc/hdelibc.entitlements;
				CODE_SIGN_STYLE = Automatic;
				COMBINE_HIDPI_IMAGES = YES;
				CURRENT_PROJECT_VERSION = 1;
				DEVELOPMENT_ASSET_PATHS = "\"hdelibc/Preview Content\"";
				ENABLE_PREVIEWS = YES;
				GENERATE_INFOPLIST_FILE = YES;
				INFOPLIST_KEY_NSHumanReadableCopyright = "";
				LD_RUNPATH_SEARCH_PATHS = (
					"$(inherited)",
					"@executable_path/../Frameworks",
				);
				MARKETING_VERSION = 1.0;
				PRODUCT_BUNDLE_IDENTIFIER = temp.hdelibc;
				PRODUCT_NAME = "$(TARGET_NAME)";
				SWIFT_EMIT_LOC_STRINGS = YES;
				SWIFT_VERSION = 5.0;
			};
			name = Debug;
		};
		7E6C6E6C2C6C023600D6C0C5 /* Release */ = {
			isa = XCBuildConfiguration;
			buildSettings = {
				ASSETCATALOG_COMPILER_APPICON_NAME = AppIcon;
				ASSETCATALOG_COMPILER_GLOBAL_ACCENT_COLOR_NAME = AccentColor;
				CODE_SIGN_ENTITLEMENTS = hdelibc/hdelibc.entitlements;
				CODE_SIGN_STYLE = Automatic;
				COMBINE_HIDPI_IMAGES = YES;
				CURRENT_PROJECT_VERSION = 1;
				DEVELOPMENT_ASSET_PATHS = "\"hdelibc/Preview Content\"";
				ENABLE_PREVIEWS = YES;
				GENERATE_INFOPLIST_FILE = YES;
				INFOPLIST_KEY_NSHumanReadableCopyright = "";
				LD_RUNPATH_SEARCH_PATHS = (
					"$(inherited)",
					"@executable_path/../Frameworks",
				);
				MARKETING_VERSION = 1.0;
				PRODUCT_BUNDLE_IDENTIFIER = temp.hdelibc;
				PRODUCT_NAME = "$(TARGET_NAME)";
				SWIFT_EMIT_LOC_STRINGS = YES;
				SWIFT_VERSION = 5.0;
			};
			name = Release;
		};
/* End XCBuildConfiguration section */

/* Begin XCConfigurationList section */
		7E6C6E562C6C023400D6C0C5 /* Build configuration list for PBXProject "hdelibc" */ = {
			isa = XCConfigurationList;
			buildConfigurations = (
				7E6C6E682C6C023600D6C0C5 /* Debug */,
				7E6C6E692C6C023600D6C0C5 /* Release */,
			);
			defaultConfigurationIsVisible = 0;
			defaultConfigurationName = Release;
		};
		7E6C6E6A2C6C023600D6C0C5 /* Build configuration list for PBXNativeTarget "hdelibc" */ = {
			isa = XCConfigurationList;
			buildConfigurations = (
				7E6C6E6B2C6C023600D6C0C5 /* Debug */,
				7E6C6E6C2C6C023600D6C0C5 /* Release */,
			);
			defaultConfigurationIsVisible = 0;
			defaultConfigurationName = Release;
		};
/* End XCConfigurationList section */
	};
	rootObject = 7E6C6E532C6C023400D6C0C5 /* Project object */;
}
